
Microsoft Visual Studio Solution File, Format Version 12.00
# Visual Studio Version 16
VisualStudioVersion = 16.0.28803.452
MinimumVisualStudioVersion = 10.0.40219.1
Project("{FAE04EC0-301F-11D3-BF4B-00C04F79EFBC}") = "Geo.Google", "src\Geo.Google\Geo.Google.csproj", "{CCC422FD-3B45-457B-87A7-461D50E91334}"
EndProject
Global
	GlobalSection(SolutionConfigurationPlatforms) = preSolution
		Debug|Any CPU = Debug|Any CPU
		Release|Any CPU = Release|Any CPU
	EndGlobalSection
	GlobalSection(ProjectConfigurationPlatforms) = postSolution
		{CCC422FD-3B45-457B-87A7-461D50E91334}.Debug|Any CPU.ActiveCfg = Debug|Any CPU
		{CCC422FD-3B45-457B-87A7-461D50E91334}.Debug|Any CPU.Build.0 = Debug|Any CPU
		{CCC422FD-3B45-457B-87A7-461D50E91334}.Release|Any CPU.ActiveCfg = Release|Any CPU
		{CCC422FD-3B45-457B-87A7-461D50E91334}.Release|Any CPU.Build.0 = Release|Any CPU
	EndGlobalSection
	GlobalSection(SolutionProperties) = preSolution
		HideSolutionNode = FALSE
	EndGlobalSection
	GlobalSection(ExtensibilityGlobals) = postSolution
		SolutionGuid = {C4B688C4-40EC-4577-9EB2-4CF2412DA0B1}
	EndGlobalSection
EndGlobal
